
Microsoft Visual Studio Solution File, Format Version 12.00
# Visual Studio 14
VisualStudioVersion = 14.0.23107.0
MinimumVisualStudioVersion = 10.0.40219.1
Project("{8BC9CEB8-8B4A-11D0-8D11-00A0C91BC942}") = "jsRadial", "jsRadial.vcxproj", "{7B3B7184-0DEB-40A3-9573-EB3A73A5BDA8}"
EndProject
Global
	GlobalSection(SolutionConfigurationPlatforms) = preSolution
		Debug 2014|Win32 = Debug 2014|Win32
		Debug 2014|x64 = Debug 2014|x64
		Debug 2017|Win32 = Debug 2017|Win32
		Debug 2017|x64 = Debug 2017|x64
		Release|Win32 = Release|Win32
		Release|x64 = Release|x64
	EndGlobalSection
	GlobalSection(ProjectConfigurationPlatforms) = postSolution
		{7B3B7184-0DEB-40A3-9573-EB3A73A5BDA8}.Debug 2014|Win32.ActiveCfg = Debug 2017|Win32
		{7B3B7184-0DEB-40A3-9573-EB3A73A5BDA8}.Debug 2014|Win32.Build.0 = Debug 2017|Win32
		{7B3B7184-0DEB-40A3-9573-EB3A73A5BDA8}.Debug 2014|x64.ActiveCfg = Debug 2014|x64
		{7B3B7184-0DEB-40A3-9573-EB3A73A5BDA8}.Debug 2014|x64.Build.0 = Debug 2014|x64
		{7B3B7184-0DEB-40A3-9573-EB3A73A5BDA8}.Debug 2017|Win32.ActiveCfg = Debug 2017|Win32
		{7B3B7184-0DEB-40A3-9573-EB3A73A5BDA8}.Debug 2017|Win32.Build.0 = Debug 2017|Win32
		{7B3B7184-0DEB-40A3-9573-EB3A73A5BDA8}.Debug 2017|x64.ActiveCfg = Debug 2017|x64
		{7B3B7184-0DEB-40A3-9573-EB3A73A5BDA8}.Debug 2017|x64.Build.0 = Debug 2017|x64
		{7B3B7184-0DEB-40A3-9573-EB3A73A5BDA8}.Release|Win32.ActiveCfg = Release|Win32
		{7B3B7184-0DEB-40A3-9573-EB3A73A5BDA8}.Release|Win32.Build.0 = Release|Win32
		{7B3B7184-0DEB-40A3-9573-EB3A73A5BDA8}.Release|x64.ActiveCfg = Release|x64
		{7B3B7184-0DEB-40A3-9573-EB3A73A5BDA8}.Release|x64.Build.0 = Release|x64
	EndGlobalSection
	GlobalSection(SolutionProperties) = preSolution
		HideSolutionNode = FALSE
	EndGlobalSection
EndGlobal
